// !$*UTF8*$!
{
	archiveVersion = 1;
	classes = {
	};
	objectVersion = 56;
	objects = {

/* Begin PBXBuildFile section */
		51401ABB2A0AA0550039FB82 /* TodoListApp.swift in Sources */ = {isa = PBXBuildFile; fileRef = 51401ABA2A0AA0550039FB82 /* TodoListApp.swift */; };
		51401ABF2A0AA0580039FB82 /* Assets.xcassets in Resources */ = {isa = PBXBuildFile; fileRef = 51401ABE2A0AA0580039FB82 /* Assets.xcassets */; };
		51401AC22A0AA0580039FB82 /* Preview Assets.xcassets in Resources */ = {isa = PBXBuildFile; fileRef = 51401AC12A0AA0580039FB82 /* Preview Assets.xcassets */; };
		51401ACA2A0AA0DE0039FB82 /* ListView.swift in Sources */ = {isa = PBXBuildFile; fileRef = 51401AC92A0AA0DE0039FB82 /* ListView.swift */; };
		51401ACC2A0AA22D0039FB82 /* ListRowView.swift in Sources */ = {isa = PBXBuildFile; fileRef = 51401ACB2A0AA22D0039FB82 /* ListRowView.swift */; };
		51401ACE2A0AA3580039FB82 /* AddView.swift in Sources */ = {isa = PBXBuildFile; fileRef = 51401ACD2A0AA3580039FB82 /* AddView.swift */; };
		51401AD12A0AA5890039FB82 /* ItemModel.swift in Sources */ = {isa = PBXBuildFile; fileRef = 51401AD02A0AA5890039FB82 /* ItemModel.swift */; };
		51401AD42A0AA9310039FB82 /* ListViewModel.swift in Sources */ = {isa = PBXBuildFile; fileRef = 51401AD32A0AA9310039FB82 /* ListViewModel.swift */; };
		51401AD62A0D274C0039FB82 /* NoItemsView.swift in Sources */ = {isa = PBXBuildFile; fileRef = 51401AD52A0D274C0039FB82 /* NoItemsView.swift */; };
		51401AD92A0D2FED0039FB82 /* LaunchScreen.storyboard in Resources */ = {isa = PBXBuildFile; fileRef = 51401AD82A0D2FED0039FB82 /* LaunchScreen.storyboard */; };
/* End PBXBuildFile section */

/* Begin PBXFileReference section */
		51401AB72A0AA0550039FB82 /* TodoList.app */ = {isa = PBXFileReference; explicitFileType = wrapper.application; includeInIndex = 0; path = TodoList.app; sourceTree = BUILT_PRODUCTS_DIR; };
		51401ABA2A0AA0550039FB82 /* TodoListApp.swift */ = {isa = PBXFileReference; lastKnownFileType = sourcecode.swift; path = TodoListApp.swift; sourceTree = "<group>"; };
		51401ABE2A0AA0580039FB82 /* Assets.xcassets */ = {isa = PBXFileReference; lastKnownFileType = folder.assetcatalog; path = Assets.xcassets; sourceTree = "<group>"; };
		51401AC12A0AA0580039FB82 /* Preview Assets.xcassets */ = {isa = PBXFileReference; lastKnownFileType = folder.assetcatalog; path = "Preview Assets.xcassets"; sourceTree = "<group>"; };
		51401AC92A0AA0DE0039FB82 /* ListView.swift */ = {isa = PBXFileReference; lastKnownFileType = sourcecode.swift; path = ListView.swift; sourceTree = "<group>"; };
		51401ACB2A0AA22D0039FB82 /* ListRowView.swift */ = {isa = PBXFileReference; lastKnownFileType = sourcecode.swift; path = ListRowView.swift; sourceTree = "<group>"; };
		51401ACD2A0AA3580039FB82 /* AddView.swift */ = {isa = PBXFileReference; lastKnownFileType = sourcecode.swift; path = AddView.swift; sourceTree = "<group>"; };
		51401AD02A0AA5890039FB82 /* ItemModel.swift */ = {isa = PBXFileReference; lastKnownFileType = sourcecode.swift; path = ItemModel.swift; sourceTree = "<group>"; };
		51401AD32A0AA9310039FB82 /* ListViewModel.swift */ = {isa = PBXFileReference; lastKnownFileType = sourcecode.swift; path = ListViewModel.swift; sourceTree = "<group>"; };
		51401AD52A0D274C0039FB82 /* NoItemsView.swift */ = {isa = PBXFileReference; lastKnownFileType = sourcecode.swift; path = NoItemsView.swift; sourceTree = "<group>"; };
		51401AD72A0D2FC90039FB82 /* Info.plist */ = {isa = PBXFileReference; lastKnownFileType = text.plist; path = Info.plist; sourceTree = "<group>"; };
		51401AD82A0D2FED0039FB82 /* LaunchScreen.storyboard */ = {isa = PBXFileReference; lastKnownFileType = file.storyboard; path = LaunchScreen.storyboard; sourceTree = "<group>"; };
		51401ADA2A0D356D0039FB82 /* Readme.md */ = {isa = PBXFileReference; lastKnownFileType = net.daringfireball.markdown; path = Readme.md; sourceTree = "<group>"; };
/* End PBXFileReference section */

/* Begin PBXFrameworksBuildPhase section */
		51401AB42A0AA0550039FB82 /* Frameworks */ = {
			isa = PBXFrameworksBuildPhase;
			buildActionMask = 2147483647;
			files = (
			);
			runOnlyForDeploymentPostprocessing = 0;
		};
/* End PBXFrameworksBuildPhase section */

/* Begin PBXGroup section */
		51401AAE2A0AA0550039FB82 = {
			isa = PBXGroup;
			children = (
				51401AB92A0AA0550039FB82 /* TodoList */,
				51401AB82A0AA0550039FB82 /* Products */,
			);
			sourceTree = "<group>";
		};
		51401AB82A0AA0550039FB82 /* Products */ = {
			isa = PBXGroup;
			children = (
				51401AB72A0AA0550039FB82 /* TodoList.app */,
			);
			name = Products;
			sourceTree = "<group>";
		};
		51401AB92A0AA0550039FB82 /* TodoList */ = {
			isa = PBXGroup;
			children = (
				51401AD72A0D2FC90039FB82 /* Info.plist */,
				51401AD22A0AA90E0039FB82 /* ViewModel */,
				51401ACF2A0AA5790039FB82 /* Model */,
				51401AC82A0AA0CC0039FB82 /* View */,
				51401ABA2A0AA0550039FB82 /* TodoListApp.swift */,
				51401ABE2A0AA0580039FB82 /* Assets.xcassets */,
				51401AC02A0AA0580039FB82 /* Preview Content */,
				51401ADA2A0D356D0039FB82 /* Readme.md */,
			);
			path = TodoList;
			sourceTree = "<group>";
		};
		51401AC02A0AA0580039FB82 /* Preview Content */ = {
			isa = PBXGroup;
			children = (
				51401AC12A0AA0580039FB82 /* Preview Assets.xcassets */,
			);
			path = "Preview Content";
			sourceTree = "<group>";
		};
		51401AC82A0AA0CC0039FB82 /* View */ = {
			isa = PBXGroup;
			children = (
				51401AC92A0AA0DE0039FB82 /* ListView.swift */,
				51401ACB2A0AA22D0039FB82 /* ListRowView.swift */,
				51401ACD2A0AA3580039FB82 /* AddView.swift */,
				51401AD52A0D274C0039FB82 /* NoItemsView.swift */,
				51401AD82A0D2FED0039FB82 /* LaunchScreen.storyboard */,
			);
			name = View;
			path = "퍋ㅈ";
			sourceTree = "<group>";
		};
		51401ACF2A0AA5790039FB82 /* Model */ = {
			isa = PBXGroup;
			children = (
				51401AD02A0AA5890039FB82 /* ItemModel.swift */,
			);
			path = Model;
			sourceTree = "<group>";
		};
		51401AD22A0AA90E0039FB82 /* ViewModel */ = {
			isa = PBXGroup;
			children = (
				51401AD32A0AA9310039FB82 /* ListViewModel.swift */,
			);
			path = ViewModel;
			sourceTree = "<group>";
		};
/* End PBXGroup section */

/* Begin PBXNativeTarget section */
		51401AB62A0AA0550039FB82 /* TodoList */ = {
			isa = PBXNativeTarget;
			buildConfigurationList = 51401AC52A0AA0580039FB82 /* Build configuration list for PBXNativeTarget "TodoList" */;
			buildPhases = (
				51401AB32A0AA0550039FB82 /* Sources */,
				51401AB42A0AA0550039FB82 /* Frameworks */,
				51401AB52A0AA0550039FB82 /* Resources */,
			);
			buildRules = (
			);
			dependencies = (
			);
			name = TodoList;
			productName = TodoList;
			productReference = 51401AB72A0AA0550039FB82 /* TodoList.app */;
			productType = "com.apple.product-type.application";
		};
/* End PBXNativeTarget section */

/* Begin PBXProject section */
		51401AAF2A0AA0550039FB82 /* Project object */ = {
			isa = PBXProject;
			attributes = {
				BuildIndependentTargetsInParallel = 1;
				LastSwiftUpdateCheck = 1420;
				LastUpgradeCheck = 1420;
				TargetAttributes = {
					51401AB62A0AA0550039FB82 = {
						CreatedOnToolsVersion = 14.2;
					};
				};
			};
			buildConfigurationList = 51401AB22A0AA0550039FB82 /* Build configuration list for PBXProject "TodoList" */;
			compatibilityVersion = "Xcode 14.0";
			developmentRegion = en;
			hasScannedForEncodings = 0;
			knownRegions = (
				en,
				Base,
			);
			mainGroup = 51401AAE2A0AA0550039FB82;
			productRefGroup = 51401AB82A0AA0550039FB82 /* Products */;
			projectDirPath = "";
			projectRoot = "";
			targets = (
				51401AB62A0AA0550039FB82 /* TodoList */,
			);
		};
/* End PBXProject section */

/* Begin PBXResourcesBuildPhase section */
		51401AB52A0AA0550039FB82 /* Resources */ = {
			isa = PBXResourcesBuildPhase;
			buildActionMask = 2147483647;
			files = (
				51401AD92A0D2FED0039FB82 /* LaunchScreen.storyboard in Resources */,
				51401AC22A0AA0580039FB82 /* Preview Assets.xcassets in Resources */,
				51401ABF2A0AA0580039FB82 /* Assets.xcassets in Resources */,
			);
			runOnlyForDeploymentPostprocessing = 0;
		};
/* End PBXResourcesBuildPhase section */

/* Begin PBXSourcesBuildPhase section */
		51401AB32A0AA0550039FB82 /* Sources */ = {
			isa = PBXSourcesBuildPhase;
			buildActionMask = 2147483647;
			files = (
				51401AD12A0AA5890039FB82 /* ItemModel.swift in Sources */,
				51401ACE2A0AA3580039FB82 /* AddView.swift in Sources */,
				51401AD42A0AA9310039FB82 /* ListViewModel.swift in Sources */,
				51401ABB2A0AA0550039FB82 /* TodoListApp.swift in Sources */,
				51401ACA2A0AA0DE0039FB82 /* ListView.swift in Sources */,
				51401AD62A0D274C0039FB82 /* NoItemsView.swift in Sources */,
				51401ACC2A0AA22D0039FB82 /* ListRowView.swift in Sources */,
			);
			runOnlyForDeploymentPostprocessing = 0;
		};
/* End PBXSourcesBuildPhase section */

/* Begin XCBuildConfiguration section */
		51401AC32A0AA0580039FB82 /* Debug */ = {
			isa = XCBuildConfiguration;
			buildSettings = {
				ALWAYS_SEARCH_USER_PATHS = NO;
				CLANG_ANALYZER_NONNULL = YES;
				CLANG_ANALYZER_NUMBER_OBJECT_CONVERSION = YES_AGGRESSIVE;
				CLANG_CXX_LANGUAGE_STANDARD = "gnu++20";
				CLANG_ENABLE_MODULES = YES;
				CLANG_ENABLE_OBJC_ARC = YES;
				CLANG_ENABLE_OBJC_WEAK = YES;
				CLANG_WARN_BLOCK_CAPTURE_AUTORELEASING = YES;
				CLANG_WARN_BOOL_CONVERSION = YES;
				CLANG_WARN_COMMA = YES;
				CLANG_WARN_CONSTANT_CONVERSION = YES;
				CLANG_WARN_DEPRECATED_OBJC_IMPLEMENTATIONS = YES;
				CLANG_WARN_DIRECT_OBJC_ISA_USAGE = YES_ERROR;
				CLANG_WARN_DOCUMENTATION_COMMENTS = YES;
				CLANG_WARN_EMPTY_BODY = YES;
				CLANG_WARN_ENUM_CONVERSION = YES;
				CLANG_WARN_INFINITE_RECURSION = YES;
				CLANG_WARN_INT_CONVERSION = YES;
				CLANG_WARN_NON_LITERAL_NULL_CONVERSION = YES;
				CLANG_WARN_OBJC_IMPLICIT_RETAIN_SELF = YES;
				CLANG_WARN_OBJC_LITERAL_CONVERSION = YES;
				CLANG_WARN_OBJC_ROOT_CLASS = YES_ERROR;
				CLANG_WARN_QUOTED_INCLUDE_IN_FRAMEWORK_HEADER = YES;
				CLANG_WARN_RANGE_LOOP_ANALYSIS = YES;
				CLANG_WARN_STRICT_PROTOTYPES = YES;
				CLANG_WARN_SUSPICIOUS_MOVE = YES;
				CLANG_WARN_UNGUARDED_AVAILABILITY = YES_AGGRESSIVE;
				CLANG_WARN_UNREACHABLE_CODE = YES;
				CLANG_WARN__DUPLICATE_METHOD_MATCH = YES;
				COPY_PHASE_STRIP = NO;
				DEBUG_INFORMATION_FORMAT = dwarf;
				ENABLE_STRICT_OBJC_MSGSEND = YES;
				ENABLE_TESTABILITY = YES;
				GCC_C_LANGUAGE_STANDARD = gnu11;
				GCC_DYNAMIC_NO_PIC = NO;
				GCC_NO_COMMON_BLOCKS = YES;
				GCC_OPTIMIZATION_LEVEL = 0;
				GCC_PREPROCESSOR_DEFINITIONS = (
					"DEBUG=1",
					"$(inherited)",
				);
				GCC_WARN_64_TO_32_BIT_CONVERSION = YES;
				GCC_WARN_ABOUT_RETURN_TYPE = YES_ERROR;
				GCC_WARN_UNDECLARED_SELECTOR = YES;
				GCC_WARN_UNINITIALIZED_AUTOS = YES_AGGRESSIVE;
				GCC_WARN_UNUSED_FUNCTION = YES;
				GCC_WARN_UNUSED_VARIABLE = YES;
				IPHONEOS_DEPLOYMENT_TARGET = 16.2;
				MTL_ENABLE_DEBUG_INFO = INCLUDE_SOURCE;
				MTL_FAST_MATH = YES;
				ONLY_ACTIVE_ARCH = YES;
				SDKROOT = iphoneos;
				SWIFT_ACTIVE_COMPILATION_CONDITIONS = DEBUG;
				SWIFT_OPTIMIZATION_LEVEL = "-Onone";
			};
			name = Debug;
		};
		51401AC42A0AA0580039FB82 /* Release */ = {
			isa = XCBuildConfiguration;
			buildSettings = {
				ALWAYS_SEARCH_USER_PATHS = NO;
				CLANG_ANALYZER_NONNULL = YES;
				CLANG_ANALYZER_NUMBER_OBJECT_CONVERSION = YES_AGGRESSIVE;
				CLANG_CXX_LANGUAGE_STANDARD = "gnu++20";
				CLANG_ENABLE_MODULES = YES;
				CLANG_ENABLE_OBJC_ARC = YES;
				CLANG_ENABLE_OBJC_WEAK = YES;
				CLANG_WARN_BLOCK_CAPTURE_AUTORELEASING = YES;
				CLANG_WARN_BOOL_CONVERSION = YES;
				CLANG_WARN_COMMA = YES;
				CLANG_WARN_CONSTANT_CONVERSION = YES;
				CLANG_WARN_DEPRECATED_OBJC_IMPLEMENTATIONS = YES;
				CLANG_WARN_DIRECT_OBJC_ISA_USAGE = YES_ERROR;
				CLANG_WARN_DOCUMENTATION_COMMENTS = YES;
				CLANG_WARN_EMPTY_BODY = YES;
				CLANG_WARN_ENUM_CONVERSION = YES;
				CLANG_WARN_INFINITE_RECURSION = YES;
				CLANG_WARN_INT_CONVERSION = YES;
				CLANG_WARN_NON_LITERAL_NULL_CONVERSION = YES;
				CLANG_WARN_OBJC_IMPLICIT_RETAIN_SELF = YES;
				CLANG_WARN_OBJC_LITERAL_CONVERSION = YES;
				CLANG_WARN_OBJC_ROOT_CLASS = YES_ERROR;
				CLANG_WARN_QUOTED_INCLUDE_IN_FRAMEWORK_HEADER = YES;
				CLANG_WARN_RANGE_LOOP_ANALYSIS = YES;
				CLANG_WARN_STRICT_PROTOTYPES = YES;
				CLANG_WARN_SUSPICIOUS_MOVE = YES;
				CLANG_WARN_UNGUARDED_AVAILABILITY = YES_AGGRESSIVE;
				CLANG_WARN_UNREACHABLE_CODE = YES;
				CLANG_WARN__DUPLICATE_METHOD_MATCH = YES;
				COPY_PHASE_STRIP = NO;
				DEBUG_INFORMATION_FORMAT = "dwarf-with-dsym";
				ENABLE_NS_ASSERTIONS = NO;
				ENABLE_STRICT_OBJC_MSGSEND = YES;
				GCC_C_LANGUAGE_STANDARD = gnu11;
				GCC_NO_COMMON_BLOCKS = YES;
				GCC_WARN_64_TO_32_BIT_CONVERSION = YES;
				GCC_WARN_ABOUT_RETURN_TYPE = YES_ERROR;
				GCC_WARN_UNDECLARED_SELECTOR = YES;
				GCC_WARN_UNINITIALIZED_AUTOS = YES_AGGRESSIVE;
				GCC_WARN_UNUSED_FUNCTION = YES;
				GCC_WARN_UNUSED_VARIABLE = YES;
				IPHONEOS_DEPLOYMENT_TARGET = 16.2;
				MTL_ENABLE_DEBUG_INFO = NO;
				MTL_FAST_MATH = YES;
				SDKROOT = iphoneos;
				SWIFT_COMPILATION_MODE = wholemodule;
				SWIFT_OPTIMIZATION_LEVEL = "-O";
				VALIDATE_PRODUCT = YES;
			};
			name = Release;
		};
		51401AC62A0AA0580039FB82 /* Debug */ = {
			isa = XCBuildConfiguration;
			buildSettings = {
				ASSETCATALOG_COMPILER_APPICON_NAME = AppIcon;
				ASSETCATALOG_COMPILER_GLOBAL_ACCENT_COLOR_NAME = AccentColor;
				CODE_SIGN_STYLE = Automatic;
				CURRENT_PROJECT_VERSION = 1;
				DEVELOPMENT_ASSET_PATHS = "\"TodoList/Preview Content\"";
				DEVELOPMENT_TEAM = KPUSDZ4348;
				ENABLE_PREVIEWS = YES;
				GENERATE_INFOPLIST_FILE = YES;
				INFOPLIST_FILE = TodoList/Info.plist;
				INFOPLIST_KEY_CFBundleDisplayName = "Do Stuff";
				INFOPLIST_KEY_UIApplicationSceneManifest_Generation = YES;
				INFOPLIST_KEY_UIApplicationSupportsIndirectInputEvents = YES;
				INFOPLIST_KEY_UILaunchStoryboardName = LaunchScreen.storyboard;
				INFOPLIST_KEY_UISupportedInterfaceOrientations_iPad = "UIInterfaceOrientationPortrait UIInterfaceOrientationPortraitUpsideDown UIInterfaceOrientationLandscapeLeft UIInterfaceOrientationLandscapeRight";
				INFOPLIST_KEY_UISupportedInterfaceOrientations_iPhone = "UIInterfaceOrientationPortrait UIInterfaceOrientationLandscapeLeft UIInterfaceOrientationLandscapeRight";
				LD_RUNPATH_SEARCH_PATHS = (
					"$(inherited)",
					"@executable_path/Frameworks",
				);
				MARKETING_VERSION = 1.0;
				PRODUCT_BUNDLE_IDENTIFIER = Junyoung.TodoList;
				PRODUCT_NAME = "$(TARGET_NAME)";
				SWIFT_EMIT_LOC_STRINGS = YES;
				SWIFT_VERSION = 5.0;
				TARGETED_DEVICE_FAMILY = "1,2";
			};
			name = Debug;
		};
		51401AC72A0AA0580039FB82 /* Release */ = {
			isa = XCBuildConfiguration;
			buildSettings = {
				ASSETCATALOG_COMPILER_APPICON_NAME = AppIcon;
				ASSETCATALOG_COMPILER_GLOBAL_ACCENT_COLOR_NAME = AccentColor;
				CODE_SIGN_STYLE = Automatic;
				CURRENT_PROJECT_VERSION = 1;
				DEVELOPMENT_ASSET_PATHS = "\"TodoList/Preview Content\"";
				DEVELOPMENT_TEAM = KPUSDZ4348;
				ENABLE_PREVIEWS = YES;
				GENERATE_INFOPLIST_FILE = YES;
				INFOPLIST_FILE = TodoList/Info.plist;
				INFOPLIST_KEY_CFBundleDisplayName = "Do Stuff";
				INFOPLIST_KEY_UIApplicationSceneManifest_Generation = YES;
				INFOPLIST_KEY_UIApplicationSupportsIndirectInputEvents = YES;
				INFOPLIST_KEY_UILaunchStoryboardName = LaunchScreen.storyboard;
				INFOPLIST_KEY_UISupportedInterfaceOrientations_iPad = "UIInterfaceOrientationPortrait UIInterfaceOrientationPortraitUpsideDown UIInterfaceOrientationLandscapeLeft UIInterfaceOrientationLandscapeRight";
				INFOPLIST_KEY_UISupportedInterfaceOrientations_iPhone = "UIInterfaceOrientationPortrait UIInterfaceOrientationLandscapeLeft UIInterfaceOrientationLandscapeRight";
				LD_RUNPATH_SEARCH_PATHS = (
					"$(inherited)",
					"@executable_path/Frameworks",
				);
				MARKETING_VERSION = 1.0;
				PRODUCT_BUNDLE_IDENTIFIER = Junyoung.TodoList;
				PRODUCT_NAME = "$(TARGET_NAME)";
				SWIFT_EMIT_LOC_STRINGS = YES;
				SWIFT_VERSION = 5.0;
				TARGETED_DEVICE_FAMILY = "1,2";
			};
			name = Release;
		};
/* End XCBuildConfiguration section */

/* Begin XCConfigurationList section */
		51401AB22A0AA0550039FB82 /* Build configuration list for PBXProject "TodoList" */ = {
			isa = XCConfigurationList;
			buildConfigurations = (
				51401AC32A0AA0580039FB82 /* Debug */,
				51401AC42A0AA0580039FB82 /* Release */,
			);
			defaultConfigurationIsVisible = 0;
			defaultConfigurationName = Release;
		};
		51401AC52A0AA0580039FB82 /* Build configuration list for PBXNativeTarget "TodoList" */ = {
			isa = XCConfigurationList;
			buildConfigurations = (
				51401AC62A0AA0580039FB82 /* Debug */,
				51401AC72A0AA0580039FB82 /* Release */,
			);
			defaultConfigurationIsVisible = 0;
			defaultConfigurationName = Release;
		};
/* End XCConfigurationList section */
	};
	rootObject = 51401AAF2A0AA0550039FB82 /* Project object */;
}
